
Microsoft Visual Studio Solution File, Format Version 12.00
# Visual Studio Version 17
VisualStudioVersion = 17.4.33205.214
MinimumVisualStudioVersion = 10.0.40219.1
Project("{9A19103F-16F7-4668-BE54-9A1E7A4F7556}") = "Tennis.Repository", "Tennis.Repository\Tennis.Repository.csproj", "{82480F7E-06AC-48B3-9D76-76C4B70D1692}"
EndProject
Project("{9A19103F-16F7-4668-BE54-9A1E7A4F7556}") = "Tennis.Service", "Tennis.Service\Tennis.Service.csproj", "{8C93B80C-3A9E-496F-BE70-257CE69D51E4}"
EndProject
Project("{9A19103F-16F7-4668-BE54-9A1E7A4F7556}") = "Tennis.Model", "Tennis.Model\Tennis.Model.csproj", "{962E9D1B-C022-48D6-ABB6-2D7813B0D9C9}"
EndProject
Project("{9A19103F-16F7-4668-BE54-9A1E7A4F7556}") = "Tennis.Api", "Tennis.Api\Tennis.Api.csproj", "{BECFA4C7-91FB-4242-9723-2E11640BA59B}"
EndProject
Project("{9A19103F-16F7-4668-BE54-9A1E7A4F7556}") = "Tennis.Database", "Tennis.Database\Tennis.Database.csproj", "{AF39354B-D00E-4C72-AA88-0DC99445B692}"
EndProject
Global
	GlobalSection(SolutionConfigurationPlatforms) = preSolution
		Debug|Any CPU = Debug|Any CPU
		Debug|x64 = Debug|x64
		Debug|x86 = Debug|x86
		Release|Any CPU = Release|Any CPU
		Release|x64 = Release|x64
		Release|x86 = Release|x86
	EndGlobalSection
	GlobalSection(ProjectConfigurationPlatforms) = postSolution
		{82480F7E-06AC-48B3-9D76-76C4B70D1692}.Debug|Any CPU.ActiveCfg = Debug|Any CPU
		{82480F7E-06AC-48B3-9D76-76C4B70D1692}.Debug|Any CPU.Build.0 = Debug|Any CPU
		{82480F7E-06AC-48B3-9D76-76C4B70D1692}.Debug|x64.ActiveCfg = Debug|Any CPU
		{82480F7E-06AC-48B3-9D76-76C4B70D1692}.Debug|x64.Build.0 = Debug|Any CPU
		{82480F7E-06AC-48B3-9D76-76C4B70D1692}.Debug|x86.ActiveCfg = Debug|Any CPU
		{82480F7E-06AC-48B3-9D76-76C4B70D1692}.Debug|x86.Build.0 = Debug|Any CPU
		{82480F7E-06AC-48B3-9D76-76C4B70D1692}.Release|Any CPU.ActiveCfg = Release|Any CPU
		{82480F7E-06AC-48B3-9D76-76C4B70D1692}.Release|Any CPU.Build.0 = Release|Any CPU
		{82480F7E-06AC-48B3-9D76-76C4B70D1692}.Release|x64.ActiveCfg = Release|Any CPU
		{82480F7E-06AC-48B3-9D76-76C4B70D1692}.Release|x64.Build.0 = Release|Any CPU
		{82480F7E-06AC-48B3-9D76-76C4B70D1692}.Release|x86.ActiveCfg = Release|Any CPU
		{82480F7E-06AC-48B3-9D76-76C4B70D1692}.Release|x86.Build.0 = Release|Any CPU
		{8C93B80C-3A9E-496F-BE70-257CE69D51E4}.Debug|Any CPU.ActiveCfg = Debug|Any CPU
		{8C93B80C-3A9E-496F-BE70-257CE69D51E4}.Debug|Any CPU.Build.0 = Debug|Any CPU
		{8C93B80C-3A9E-496F-BE70-257CE69D51E4}.Debug|x64.ActiveCfg = Debug|Any CPU
		{8C93B80C-3A9E-496F-BE70-257CE69D51E4}.Debug|x64.Build.0 = Debug|Any CPU
		{8C93B80C-3A9E-496F-BE70-257CE69D51E4}.Debug|x86.ActiveCfg = Debug|Any CPU
		{8C93B80C-3A9E-496F-BE70-257CE69D51E4}.Debug|x86.Build.0 = Debug|Any CPU
		{8C93B80C-3A9E-496F-BE70-257CE69D51E4}.Release|Any CPU.ActiveCfg = Release|Any CPU
		{8C93B80C-3A9E-496F-BE70-257CE69D51E4}.Release|Any CPU.Build.0 = Release|Any CPU
		{8C93B80C-3A9E-496F-BE70-257CE69D51E4}.Release|x64.ActiveCfg = Release|Any CPU
		{8C93B80C-3A9E-496F-BE70-257CE69D51E4}.Release|x64.Build.0 = Release|Any CPU
		{8C93B80C-3A9E-496F-BE70-257CE69D51E4}.Release|x86.ActiveCfg = Release|Any CPU
		{8C93B80C-3A9E-496F-BE70-257CE69D51E4}.Release|x86.Build.0 = Release|Any CPU
		{962E9D1B-C022-48D6-ABB6-2D7813B0D9C9}.Debug|Any CPU.ActiveCfg = Debug|Any CPU
		{962E9D1B-C022-48D6-ABB6-2D7813B0D9C9}.Debug|Any CPU.Build.0 = Debug|Any CPU
		{962E9D1B-C022-48D6-ABB6-2D7813B0D9C9}.Debug|x64.ActiveCfg = Debug|Any CPU
		{962E9D1B-C022-48D6-ABB6-2D7813B0D9C9}.Debug|x64.Build.0 = Debug|Any CPU
		{962E9D1B-C022-48D6-ABB6-2D7813B0D9C9}.Debug|x86.ActiveCfg = Debug|Any CPU
		{962E9D1B-C022-48D6-ABB6-2D7813B0D9C9}.Debug|x86.Build.0 = Debug|Any CPU
		{962E9D1B-C022-48D6-ABB6-2D7813B0D9C9}.Release|Any CPU.ActiveCfg = Release|Any CPU
		{962E9D1B-C022-48D6-ABB6-2D7813B0D9C9}.Release|Any CPU.Build.0 = Release|Any CPU
		{962E9D1B-C022-48D6-ABB6-2D7813B0D9C9}.Release|x64.ActiveCfg = Release|Any CPU
		{962E9D1B-C022-48D6-ABB6-2D7813B0D9C9}.Release|x64.Build.0 = Release|Any CPU
		{962E9D1B-C022-48D6-ABB6-2D7813B0D9C9}.Release|x86.ActiveCfg = Release|Any CPU
		{962E9D1B-C022-48D6-ABB6-2D7813B0D9C9}.Release|x86.Build.0 = Release|Any CPU
		{BECFA4C7-91FB-4242-9723-2E11640BA59B}.Debug|Any CPU.ActiveCfg = Debug|Any CPU
		{BECFA4C7-91FB-4242-9723-2E11640BA59B}.Debug|Any CPU.Build.0 = Debug|Any CPU
		{BECFA4C7-91FB-4242-9723-2E11640BA59B}.Debug|x64.ActiveCfg = Debug|Any CPU
		{BECFA4C7-91FB-4242-9723-2E11640BA59B}.Debug|x64.Build.0 = Debug|Any CPU
		{BECFA4C7-91FB-4242-9723-2E11640BA59B}.Debug|x86.ActiveCfg = Debug|Any CPU
		{BECFA4C7-91FB-4242-9723-2E11640BA59B}.Debug|x86.Build.0 = Debug|Any CPU
		{BECFA4C7-91FB-4242-9723-2E11640BA59B}.Release|Any CPU.ActiveCfg = Release|Any CPU
		{BECFA4C7-91FB-4242-9723-2E11640BA59B}.Release|Any CPU.Build.0 = Release|Any CPU
		{BECFA4C7-91FB-4242-9723-2E11640BA59B}.Release|x64.ActiveCfg = Release|Any CPU
		{BECFA4C7-91FB-4242-9723-2E11640BA59B}.Release|x64.Build.0 = Release|Any CPU
		{BECFA4C7-91FB-4242-9723-2E11640BA59B}.Release|x86.ActiveCfg = Release|Any CPU
		{BECFA4C7-91FB-4242-9723-2E11640BA59B}.Release|x86.Build.0 = Release|Any CPU
		{AF39354B-D00E-4C72-AA88-0DC99445B692}.Debug|Any CPU.ActiveCfg = Debug|Any CPU
		{AF39354B-D00E-4C72-AA88-0DC99445B692}.Debug|Any CPU.Build.0 = Debug|Any CPU
		{AF39354B-D00E-4C72-AA88-0DC99445B692}.Debug|x64.ActiveCfg = Debug|Any CPU
		{AF39354B-D00E-4C72-AA88-0DC99445B692}.Debug|x64.Build.0 = Debug|Any CPU
		{AF39354B-D00E-4C72-AA88-0DC99445B692}.Debug|x86.ActiveCfg = Debug|Any CPU
		{AF39354B-D00E-4C72-AA88-0DC99445B692}.Debug|x86.Build.0 = Debug|Any CPU
		{AF39354B-D00E-4C72-AA88-0DC99445B692}.Release|Any CPU.ActiveCfg = Release|Any CPU
		{AF39354B-D00E-4C72-AA88-0DC99445B692}.Release|Any CPU.Build.0 = Release|Any CPU
		{AF39354B-D00E-4C72-AA88-0DC99445B692}.Release|x64.ActiveCfg = Release|Any CPU
		{AF39354B-D00E-4C72-AA88-0DC99445B692}.Release|x64.Build.0 = Release|Any CPU
		{AF39354B-D00E-4C72-AA88-0DC99445B692}.Release|x86.ActiveCfg = Release|Any CPU
		{AF39354B-D00E-4C72-AA88-0DC99445B692}.Release|x86.Build.0 = Release|Any CPU
	EndGlobalSection
	GlobalSection(SolutionProperties) = preSolution
		HideSolutionNode = FALSE
	EndGlobalSection
	GlobalSection(ExtensibilityGlobals) = postSolution
		SolutionGuid = {7172D6DD-AC67-49A8-9CF0-1C5E56AF9EF9}
	EndGlobalSection
EndGlobal
